
Microsoft Visual Studio Solution File, Format Version 12.00
# Visual Studio Version 16
VisualStudioVersion = 16.0.32228.343
MinimumVisualStudioVersion = 10.0.40219.1
Project("{9A19103F-16F7-4668-BE54-9A1E7A4F7556}") = "Methods", "W1D4\Methods\Methods.csproj", "{8BAF7D53-396A-47AA-BCBC-2FD0B0DE7A00}"
EndProject
Project("{9A19103F-16F7-4668-BE54-9A1E7A4F7556}") = "ObjectsAndCats", "W1D4\ObjectsAndCats\ObjectsAndCats.csproj", "{BA2026D7-246C-4EE4-8BB6-27196AC142E3}"
EndProject
Project("{9A19103F-16F7-4668-BE54-9A1E7A4F7556}") = "User", "W1D4\User\User.csproj", "{42F99949-A715-471E-B26C-41C5725E40F8}"
EndProject
Project("{2150E333-8FDC-42A3-9474-1A3956D46DE8}") = "W1D4", "W1D4", "{3392D2F4-A288-4253-A430-9F26193CF2A6}"
EndProject
Project("{2150E333-8FDC-42A3-9474-1A3956D46DE8}") = "W2D4", "W2D4", "{CDD31EC1-45E9-433C-841B-254142F61340}"
EndProject
Project("{9A19103F-16F7-4668-BE54-9A1E7A4F7556}") = "Interfaces", "W2D4\Interfaces\Interfaces.csproj", "{E275E029-B526-4F1A-BF57-5A4722B3A044}"
EndProject
Project("{9A19103F-16F7-4668-BE54-9A1E7A4F7556}") = "ExtensionMethods", "W2D4\ExtensionMethods\ExtensionMethods.csproj", "{7D28255E-1623-4D0C-825A-1D3B24B77100}"
EndProject
Project("{9A19103F-16F7-4668-BE54-9A1E7A4F7556}") = "Exercise", "W2D4\Exercise\Exercise.csproj", "{736D81DF-40D9-484A-B6CF-CF47CE43FE82}"
EndProject
Project("{2150E333-8FDC-42A3-9474-1A3956D46DE8}") = "W2D5", "W2D5", "{95486CB5-45BE-4738-A2D3-70B5A9E0D160}"
EndProject
Project("{9A19103F-16F7-4668-BE54-9A1E7A4F7556}") = "NullableTypes", "W2D5\NullableTypes\NullableTypes.csproj", "{6AAF8DDB-7A34-4AB5-B15B-3BB8AC3BF7EE}"
EndProject
Project("{2150E333-8FDC-42A3-9474-1A3956D46DE8}") = "W4D1", "W4D1", "{C5FBA145-E9AB-4C87-AC00-4CB17025DDC6}"
EndProject
Project("{9A19103F-16F7-4668-BE54-9A1E7A4F7556}") = "GitExample", "W4D1\GitExample\GitExample.csproj", "{DD2807D6-B377-4860-9D09-6E4CA57E527C}"
EndProject
Project("{9A19103F-16F7-4668-BE54-9A1E7A4F7556}") = "MathApp", "W4D1\MathApp\MathApp.csproj", "{BB26EBBB-72BB-45D6-B831-0DED97E7A889}"
EndProject
Project("{2150E333-8FDC-42A3-9474-1A3956D46DE8}") = "W4D2", "W4D2", "{695AC741-8508-4640-9A3A-CC2D5D7FF98E}"
EndProject
Project("{9A19103F-16F7-4668-BE54-9A1E7A4F7556}") = "FindPrimeNumbers", "W4D2\FindPrimeNumbers\FindPrimeNumbers.csproj", "{10E36FB9-3C81-452D-BAAB-170BCB4110DE}"
EndProject
Project("{9A19103F-16F7-4668-BE54-9A1E7A4F7556}") = "FindPrimeNumbersAsync", "W4D2\FindPrimeNumbersAsync\FindPrimeNumbersAsync.csproj", "{0E7CCA62-3C3A-440E-BB62-774325568CFF}"
EndProject
Project("{9A19103F-16F7-4668-BE54-9A1E7A4F7556}") = "FindPrimeNumbersParallel", "W4D2\FindPrimeNumbersParallel\FindPrimeNumbersParallel.csproj", "{9D44AD69-E615-4BFA-B18A-F536B28A1A49}"
EndProject
Project("{9A19103F-16F7-4668-BE54-9A1E7A4F7556}") = "AsyncProgram", "W4D2\AsyncProgram\AsyncProgram.csproj", "{56CD706C-9E80-407A-9732-99BA6AF05A08}"
EndProject
Project("{2150E333-8FDC-42A3-9474-1A3956D46DE8}") = "W4D3", "W4D3", "{C387F25A-6601-47BD-8FB4-264856F20ED5}"
EndProject
Project("{9A19103F-16F7-4668-BE54-9A1E7A4F7556}") = "BrokenLottoGame", "W4D3\BrokenLottoGame\BrokenLottoGame.csproj", "{ABAC696C-0940-4146-BA0E-DF26C5FDCCBA}"
EndProject
Project("{9A19103F-16F7-4668-BE54-9A1E7A4F7556}") = "ExceptionExample", "W4D3\ExceptionExample\ExceptionExample.csproj", "{2D3D1B5D-A008-4AEF-86B4-F8055DC63E35}"
EndProject
Project("{2150E333-8FDC-42A3-9474-1A3956D46DE8}") = "W4D4", "W4D4", "{69D4EA31-9C77-4A9C-BBFE-AA9B3EA15291}"
EndProject
Project("{9A19103F-16F7-4668-BE54-9A1E7A4F7556}") = "HealthApp", "W4D4\HealthApp\HealthApp.csproj", "{2048FE6A-B874-40F4-AC98-F0DED5AAB908}"
EndProject
Project("{2150E333-8FDC-42A3-9474-1A3956D46DE8}") = "W4D5", "W4D5", "{83F78B95-C42A-428F-9DC6-63FDFF1DEE8F}"
EndProject
Project("{FAE04EC0-301F-11D3-BF4B-00C04F79EFBC}") = "StructExample", "W4D5\StructExample\StructExample.csproj", "{7F25A71C-6F0A-4F62-A203-520C3DB08D02}"
EndProject
Global
	GlobalSection(SolutionConfigurationPlatforms) = preSolution
		Debug|Any CPU = Debug|Any CPU
		Release|Any CPU = Release|Any CPU
	EndGlobalSection
	GlobalSection(ProjectConfigurationPlatforms) = postSolution
		{8BAF7D53-396A-47AA-BCBC-2FD0B0DE7A00}.Debug|Any CPU.ActiveCfg = Debug|Any CPU
		{8BAF7D53-396A-47AA-BCBC-2FD0B0DE7A00}.Debug|Any CPU.Build.0 = Debug|Any CPU
		{8BAF7D53-396A-47AA-BCBC-2FD0B0DE7A00}.Release|Any CPU.ActiveCfg = Release|Any CPU
		{8BAF7D53-396A-47AA-BCBC-2FD0B0DE7A00}.Release|Any CPU.Build.0 = Release|Any CPU
		{BA2026D7-246C-4EE4-8BB6-27196AC142E3}.Debug|Any CPU.ActiveCfg = Debug|Any CPU
		{BA2026D7-246C-4EE4-8BB6-27196AC142E3}.Debug|Any CPU.Build.0 = Debug|Any CPU
		{BA2026D7-246C-4EE4-8BB6-27196AC142E3}.Release|Any CPU.ActiveCfg = Release|Any CPU
		{BA2026D7-246C-4EE4-8BB6-27196AC142E3}.Release|Any CPU.Build.0 = Release|Any CPU
		{42F99949-A715-471E-B26C-41C5725E40F8}.Debug|Any CPU.ActiveCfg = Debug|Any CPU
		{42F99949-A715-471E-B26C-41C5725E40F8}.Debug|Any CPU.Build.0 = Debug|Any CPU
		{42F99949-A715-471E-B26C-41C5725E40F8}.Release|Any CPU.ActiveCfg = Release|Any CPU
		{42F99949-A715-471E-B26C-41C5725E40F8}.Release|Any CPU.Build.0 = Release|Any CPU
		{E275E029-B526-4F1A-BF57-5A4722B3A044}.Debug|Any CPU.ActiveCfg = Debug|Any CPU
		{E275E029-B526-4F1A-BF57-5A4722B3A044}.Debug|Any CPU.Build.0 = Debug|Any CPU
		{E275E029-B526-4F1A-BF57-5A4722B3A044}.Release|Any CPU.ActiveCfg = Release|Any CPU
		{E275E029-B526-4F1A-BF57-5A4722B3A044}.Release|Any CPU.Build.0 = Release|Any CPU
		{7D28255E-1623-4D0C-825A-1D3B24B77100}.Debug|Any CPU.ActiveCfg = Debug|Any CPU
		{7D28255E-1623-4D0C-825A-1D3B24B77100}.Debug|Any CPU.Build.0 = Debug|Any CPU
		{7D28255E-1623-4D0C-825A-1D3B24B77100}.Release|Any CPU.ActiveCfg = Release|Any CPU
		{7D28255E-1623-4D0C-825A-1D3B24B77100}.Release|Any CPU.Build.0 = Release|Any CPU
		{736D81DF-40D9-484A-B6CF-CF47CE43FE82}.Debug|Any CPU.ActiveCfg = Debug|Any CPU
		{736D81DF-40D9-484A-B6CF-CF47CE43FE82}.Debug|Any CPU.Build.0 = Debug|Any CPU
		{736D81DF-40D9-484A-B6CF-CF47CE43FE82}.Release|Any CPU.ActiveCfg = Release|Any CPU
		{736D81DF-40D9-484A-B6CF-CF47CE43FE82}.Release|Any CPU.Build.0 = Release|Any CPU
		{6AAF8DDB-7A34-4AB5-B15B-3BB8AC3BF7EE}.Debug|Any CPU.ActiveCfg = Debug|Any CPU
		{6AAF8DDB-7A34-4AB5-B15B-3BB8AC3BF7EE}.Debug|Any CPU.Build.0 = Debug|Any CPU
		{6AAF8DDB-7A34-4AB5-B15B-3BB8AC3BF7EE}.Release|Any CPU.ActiveCfg = Release|Any CPU
		{6AAF8DDB-7A34-4AB5-B15B-3BB8AC3BF7EE}.Release|Any CPU.Build.0 = Release|Any CPU
		{DD2807D6-B377-4860-9D09-6E4CA57E527C}.Debug|Any CPU.ActiveCfg = Debug|Any CPU
		{DD2807D6-B377-4860-9D09-6E4CA57E527C}.Debug|Any CPU.Build.0 = Debug|Any CPU
		{DD2807D6-B377-4860-9D09-6E4CA57E527C}.Release|Any CPU.ActiveCfg = Release|Any CPU
		{DD2807D6-B377-4860-9D09-6E4CA57E527C}.Release|Any CPU.Build.0 = Release|Any CPU
		{BB26EBBB-72BB-45D6-B831-0DED97E7A889}.Debug|Any CPU.ActiveCfg = Debug|Any CPU
		{BB26EBBB-72BB-45D6-B831-0DED97E7A889}.Debug|Any CPU.Build.0 = Debug|Any CPU
		{BB26EBBB-72BB-45D6-B831-0DED97E7A889}.Release|Any CPU.ActiveCfg = Release|Any CPU
		{BB26EBBB-72BB-45D6-B831-0DED97E7A889}.Release|Any CPU.Build.0 = Release|Any CPU
		{10E36FB9-3C81-452D-BAAB-170BCB4110DE}.Debug|Any CPU.ActiveCfg = Debug|Any CPU
		{10E36FB9-3C81-452D-BAAB-170BCB4110DE}.Debug|Any CPU.Build.0 = Debug|Any CPU
		{10E36FB9-3C81-452D-BAAB-170BCB4110DE}.Release|Any CPU.ActiveCfg = Release|Any CPU
		{10E36FB9-3C81-452D-BAAB-170BCB4110DE}.Release|Any CPU.Build.0 = Release|Any CPU
		{0E7CCA62-3C3A-440E-BB62-774325568CFF}.Debug|Any CPU.ActiveCfg = Debug|Any CPU
		{0E7CCA62-3C3A-440E-BB62-774325568CFF}.Debug|Any CPU.Build.0 = Debug|Any CPU
		{0E7CCA62-3C3A-440E-BB62-774325568CFF}.Release|Any CPU.ActiveCfg = Release|Any CPU
		{0E7CCA62-3C3A-440E-BB62-774325568CFF}.Release|Any CPU.Build.0 = Release|Any CPU
		{9D44AD69-E615-4BFA-B18A-F536B28A1A49}.Debug|Any CPU.ActiveCfg = Debug|Any CPU
		{9D44AD69-E615-4BFA-B18A-F536B28A1A49}.Debug|Any CPU.Build.0 = Debug|Any CPU
		{9D44AD69-E615-4BFA-B18A-F536B28A1A49}.Release|Any CPU.ActiveCfg = Release|Any CPU
		{9D44AD69-E615-4BFA-B18A-F536B28A1A49}.Release|Any CPU.Build.0 = Release|Any CPU
		{56CD706C-9E80-407A-9732-99BA6AF05A08}.Debug|Any CPU.ActiveCfg = Debug|Any CPU
		{56CD706C-9E80-407A-9732-99BA6AF05A08}.Debug|Any CPU.Build.0 = Debug|Any CPU
		{56CD706C-9E80-407A-9732-99BA6AF05A08}.Release|Any CPU.ActiveCfg = Release|Any CPU
		{56CD706C-9E80-407A-9732-99BA6AF05A08}.Release|Any CPU.Build.0 = Release|Any CPU
		{ABAC696C-0940-4146-BA0E-DF26C5FDCCBA}.Debug|Any CPU.ActiveCfg = Debug|Any CPU
		{ABAC696C-0940-4146-BA0E-DF26C5FDCCBA}.Debug|Any CPU.Build.0 = Debug|Any CPU
		{ABAC696C-0940-4146-BA0E-DF26C5FDCCBA}.Release|Any CPU.ActiveCfg = Release|Any CPU
		{ABAC696C-0940-4146-BA0E-DF26C5FDCCBA}.Release|Any CPU.Build.0 = Release|Any CPU
		{2D3D1B5D-A008-4AEF-86B4-F8055DC63E35}.Debug|Any CPU.ActiveCfg = Debug|Any CPU
		{2D3D1B5D-A008-4AEF-86B4-F8055DC63E35}.Debug|Any CPU.Build.0 = Debug|Any CPU
		{2D3D1B5D-A008-4AEF-86B4-F8055DC63E35}.Release|Any CPU.ActiveCfg = Release|Any CPU
		{2D3D1B5D-A008-4AEF-86B4-F8055DC63E35}.Release|Any CPU.Build.0 = Release|Any CPU
		{2048FE6A-B874-40F4-AC98-F0DED5AAB908}.Debug|Any CPU.ActiveCfg = Debug|Any CPU
		{2048FE6A-B874-40F4-AC98-F0DED5AAB908}.Debug|Any CPU.Build.0 = Debug|Any CPU
		{2048FE6A-B874-40F4-AC98-F0DED5AAB908}.Release|Any CPU.ActiveCfg = Release|Any CPU
		{2048FE6A-B874-40F4-AC98-F0DED5AAB908}.Release|Any CPU.Build.0 = Release|Any CPU
		{7F25A71C-6F0A-4F62-A203-520C3DB08D02}.Debug|Any CPU.ActiveCfg = Debug|Any CPU
		{7F25A71C-6F0A-4F62-A203-520C3DB08D02}.Debug|Any CPU.Build.0 = Debug|Any CPU
		{7F25A71C-6F0A-4F62-A203-520C3DB08D02}.Release|Any CPU.ActiveCfg = Release|Any CPU
		{7F25A71C-6F0A-4F62-A203-520C3DB08D02}.Release|Any CPU.Build.0 = Release|Any CPU
	EndGlobalSection
	GlobalSection(SolutionProperties) = preSolution
		HideSolutionNode = FALSE
	EndGlobalSection
	GlobalSection(NestedProjects) = preSolution
		{8BAF7D53-396A-47AA-BCBC-2FD0B0DE7A00} = {3392D2F4-A288-4253-A430-9F26193CF2A6}
		{BA2026D7-246C-4EE4-8BB6-27196AC142E3} = {3392D2F4-A288-4253-A430-9F26193CF2A6}
		{42F99949-A715-471E-B26C-41C5725E40F8} = {3392D2F4-A288-4253-A430-9F26193CF2A6}
		{E275E029-B526-4F1A-BF57-5A4722B3A044} = {CDD31EC1-45E9-433C-841B-254142F61340}
		{7D28255E-1623-4D0C-825A-1D3B24B77100} = {CDD31EC1-45E9-433C-841B-254142F61340}
		{736D81DF-40D9-484A-B6CF-CF47CE43FE82} = {CDD31EC1-45E9-433C-841B-254142F61340}
		{6AAF8DDB-7A34-4AB5-B15B-3BB8AC3BF7EE} = {95486CB5-45BE-4738-A2D3-70B5A9E0D160}
		{DD2807D6-B377-4860-9D09-6E4CA57E527C} = {C5FBA145-E9AB-4C87-AC00-4CB17025DDC6}
		{BB26EBBB-72BB-45D6-B831-0DED97E7A889} = {C5FBA145-E9AB-4C87-AC00-4CB17025DDC6}
		{10E36FB9-3C81-452D-BAAB-170BCB4110DE} = {695AC741-8508-4640-9A3A-CC2D5D7FF98E}
		{0E7CCA62-3C3A-440E-BB62-774325568CFF} = {695AC741-8508-4640-9A3A-CC2D5D7FF98E}
		{9D44AD69-E615-4BFA-B18A-F536B28A1A49} = {695AC741-8508-4640-9A3A-CC2D5D7FF98E}
		{56CD706C-9E80-407A-9732-99BA6AF05A08} = {695AC741-8508-4640-9A3A-CC2D5D7FF98E}
		{ABAC696C-0940-4146-BA0E-DF26C5FDCCBA} = {C387F25A-6601-47BD-8FB4-264856F20ED5}
		{2D3D1B5D-A008-4AEF-86B4-F8055DC63E35} = {C387F25A-6601-47BD-8FB4-264856F20ED5}
		{2048FE6A-B874-40F4-AC98-F0DED5AAB908} = {69D4EA31-9C77-4A9C-BBFE-AA9B3EA15291}
		{7F25A71C-6F0A-4F62-A203-520C3DB08D02} = {83F78B95-C42A-428F-9DC6-63FDFF1DEE8F}
	EndGlobalSection
	GlobalSection(ExtensibilityGlobals) = postSolution
		SolutionGuid = {E8E6DF74-3977-44D6-A8EC-D2E309E1FBC1}
	EndGlobalSection
EndGlobal
