
Microsoft Visual Studio Solution File, Format Version 12.00
# Visual Studio Version 16
VisualStudioVersion = 16.0.32228.343
MinimumVisualStudioVersion = 10.0.40219.1
Project("{9A19103F-16F7-4668-BE54-9A1E7A4F7556}") = "Methods", "W1D4\Methods\Methods.csproj", "{8BAF7D53-396A-47AA-BCBC-2FD0B0DE7A00}"
EndProject
Project("{9A19103F-16F7-4668-BE54-9A1E7A4F7556}") = "ObjectsAndCats", "W1D4\ObjectsAndCats\ObjectsAndCats.csproj", "{BA2026D7-246C-4EE4-8BB6-27196AC142E3}"
EndProject
Project("{9A19103F-16F7-4668-BE54-9A1E7A4F7556}") = "User", "W1D4\User\User.csproj", "{42F99949-A715-471E-B26C-41C5725E40F8}"
EndProject
Project("{2150E333-8FDC-42A3-9474-1A3956D46DE8}") = "W1D4", "W1D4", "{3392D2F4-A288-4253-A430-9F26193CF2A6}"
EndProject
Project("{2150E333-8FDC-42A3-9474-1A3956D46DE8}") = "W2D4", "W2D4", "{CDD31EC1-45E9-433C-841B-254142F61340}"
EndProject
Project("{FAE04EC0-301F-11D3-BF4B-00C04F79EFBC}") = "Interfaces", "W2D4\Interfaces\Interfaces.csproj", "{E275E029-B526-4F1A-BF57-5A4722B3A044}"
EndProject
Project("{FAE04EC0-301F-11D3-BF4B-00C04F79EFBC}") = "ExtensionMethods", "W2D4\ExtensionMethods\ExtensionMethods.csproj", "{7D28255E-1623-4D0C-825A-1D3B24B77100}"
EndProject
Project("{FAE04EC0-301F-11D3-BF4B-00C04F79EFBC}") = "Exercise", "W2D4\Exercise\Exercise.csproj", "{736D81DF-40D9-484A-B6CF-CF47CE43FE82}"
EndProject
Global
	GlobalSection(SolutionConfigurationPlatforms) = preSolution
		Debug|Any CPU = Debug|Any CPU
		Release|Any CPU = Release|Any CPU
	EndGlobalSection
	GlobalSection(ProjectConfigurationPlatforms) = postSolution
		{8BAF7D53-396A-47AA-BCBC-2FD0B0DE7A00}.Debug|Any CPU.ActiveCfg = Debug|Any CPU
		{8BAF7D53-396A-47AA-BCBC-2FD0B0DE7A00}.Debug|Any CPU.Build.0 = Debug|Any CPU
		{8BAF7D53-396A-47AA-BCBC-2FD0B0DE7A00}.Release|Any CPU.ActiveCfg = Release|Any CPU
		{8BAF7D53-396A-47AA-BCBC-2FD0B0DE7A00}.Release|Any CPU.Build.0 = Release|Any CPU
		{BA2026D7-246C-4EE4-8BB6-27196AC142E3}.Debug|Any CPU.ActiveCfg = Debug|Any CPU
		{BA2026D7-246C-4EE4-8BB6-27196AC142E3}.Debug|Any CPU.Build.0 = Debug|Any CPU
		{BA2026D7-246C-4EE4-8BB6-27196AC142E3}.Release|Any CPU.ActiveCfg = Release|Any CPU
		{BA2026D7-246C-4EE4-8BB6-27196AC142E3}.Release|Any CPU.Build.0 = Release|Any CPU
		{42F99949-A715-471E-B26C-41C5725E40F8}.Debug|Any CPU.ActiveCfg = Debug|Any CPU
		{42F99949-A715-471E-B26C-41C5725E40F8}.Debug|Any CPU.Build.0 = Debug|Any CPU
		{42F99949-A715-471E-B26C-41C5725E40F8}.Release|Any CPU.ActiveCfg = Release|Any CPU
		{42F99949-A715-471E-B26C-41C5725E40F8}.Release|Any CPU.Build.0 = Release|Any CPU
		{E275E029-B526-4F1A-BF57-5A4722B3A044}.Debug|Any CPU.ActiveCfg = Debug|Any CPU
		{E275E029-B526-4F1A-BF57-5A4722B3A044}.Debug|Any CPU.Build.0 = Debug|Any CPU
		{E275E029-B526-4F1A-BF57-5A4722B3A044}.Release|Any CPU.ActiveCfg = Release|Any CPU
		{E275E029-B526-4F1A-BF57-5A4722B3A044}.Release|Any CPU.Build.0 = Release|Any CPU
		{7D28255E-1623-4D0C-825A-1D3B24B77100}.Debug|Any CPU.ActiveCfg = Debug|Any CPU
		{7D28255E-1623-4D0C-825A-1D3B24B77100}.Debug|Any CPU.Build.0 = Debug|Any CPU
		{7D28255E-1623-4D0C-825A-1D3B24B77100}.Release|Any CPU.ActiveCfg = Release|Any CPU
		{7D28255E-1623-4D0C-825A-1D3B24B77100}.Release|Any CPU.Build.0 = Release|Any CPU
		{736D81DF-40D9-484A-B6CF-CF47CE43FE82}.Debug|Any CPU.ActiveCfg = Debug|Any CPU
		{736D81DF-40D9-484A-B6CF-CF47CE43FE82}.Debug|Any CPU.Build.0 = Debug|Any CPU
		{736D81DF-40D9-484A-B6CF-CF47CE43FE82}.Release|Any CPU.ActiveCfg = Release|Any CPU
		{736D81DF-40D9-484A-B6CF-CF47CE43FE82}.Release|Any CPU.Build.0 = Release|Any CPU
	EndGlobalSection
	GlobalSection(SolutionProperties) = preSolution
		HideSolutionNode = FALSE
	EndGlobalSection
	GlobalSection(NestedProjects) = preSolution
		{8BAF7D53-396A-47AA-BCBC-2FD0B0DE7A00} = {3392D2F4-A288-4253-A430-9F26193CF2A6}
		{BA2026D7-246C-4EE4-8BB6-27196AC142E3} = {3392D2F4-A288-4253-A430-9F26193CF2A6}
		{42F99949-A715-471E-B26C-41C5725E40F8} = {3392D2F4-A288-4253-A430-9F26193CF2A6}
		{E275E029-B526-4F1A-BF57-5A4722B3A044} = {CDD31EC1-45E9-433C-841B-254142F61340}
		{7D28255E-1623-4D0C-825A-1D3B24B77100} = {CDD31EC1-45E9-433C-841B-254142F61340}
		{736D81DF-40D9-484A-B6CF-CF47CE43FE82} = {CDD31EC1-45E9-433C-841B-254142F61340}
	EndGlobalSection
	GlobalSection(ExtensibilityGlobals) = postSolution
		SolutionGuid = {E8E6DF74-3977-44D6-A8EC-D2E309E1FBC1}
	EndGlobalSection
EndGlobal
