
Microsoft Visual Studio Solution File, Format Version 12.00
# Visual Studio Version 16
VisualStudioVersion = 16.0.32228.343
MinimumVisualStudioVersion = 10.0.40219.1
Project("{FAE04EC0-301F-11D3-BF4B-00C04F79EFBC}") = "W1D4_Methods", "W1D4\W1D4_Methods.csproj", "{8BAF7D53-396A-47AA-BCBC-2FD0B0DE7A00}"
EndProject
Project("{FAE04EC0-301F-11D3-BF4B-00C04F79EFBC}") = "W1D4_Objects", "W1D4_Objects\W1D4_Objects.csproj", "{BA2026D7-246C-4EE4-8BB6-27196AC142E3}"
EndProject
Project("{FAE04EC0-301F-11D3-BF4B-00C04F79EFBC}") = "W1D1_User", "W1D1_User\W1D1_User.csproj", "{42F99949-A715-471E-B26C-41C5725E40F8}"
EndProject
Global
	GlobalSection(SolutionConfigurationPlatforms) = preSolution
		Debug|Any CPU = Debug|Any CPU
		Release|Any CPU = Release|Any CPU
	EndGlobalSection
	GlobalSection(ProjectConfigurationPlatforms) = postSolution
		{8BAF7D53-396A-47AA-BCBC-2FD0B0DE7A00}.Debug|Any CPU.ActiveCfg = Debug|Any CPU
		{8BAF7D53-396A-47AA-BCBC-2FD0B0DE7A00}.Debug|Any CPU.Build.0 = Debug|Any CPU
		{8BAF7D53-396A-47AA-BCBC-2FD0B0DE7A00}.Release|Any CPU.ActiveCfg = Release|Any CPU
		{8BAF7D53-396A-47AA-BCBC-2FD0B0DE7A00}.Release|Any CPU.Build.0 = Release|Any CPU
		{BA2026D7-246C-4EE4-8BB6-27196AC142E3}.Debug|Any CPU.ActiveCfg = Debug|Any CPU
		{BA2026D7-246C-4EE4-8BB6-27196AC142E3}.Debug|Any CPU.Build.0 = Debug|Any CPU
		{BA2026D7-246C-4EE4-8BB6-27196AC142E3}.Release|Any CPU.ActiveCfg = Release|Any CPU
		{BA2026D7-246C-4EE4-8BB6-27196AC142E3}.Release|Any CPU.Build.0 = Release|Any CPU
		{42F99949-A715-471E-B26C-41C5725E40F8}.Debug|Any CPU.ActiveCfg = Debug|Any CPU
		{42F99949-A715-471E-B26C-41C5725E40F8}.Debug|Any CPU.Build.0 = Debug|Any CPU
		{42F99949-A715-471E-B26C-41C5725E40F8}.Release|Any CPU.ActiveCfg = Release|Any CPU
		{42F99949-A715-471E-B26C-41C5725E40F8}.Release|Any CPU.Build.0 = Release|Any CPU
	EndGlobalSection
	GlobalSection(SolutionProperties) = preSolution
		HideSolutionNode = FALSE
	EndGlobalSection
	GlobalSection(ExtensibilityGlobals) = postSolution
		SolutionGuid = {E8E6DF74-3977-44D6-A8EC-D2E309E1FBC1}
	EndGlobalSection
EndGlobal
